// !$*UTF8*$!
{
	archiveVersion = 1;
	classes = {
	};
	objectVersion = 46;
	objects = {

/* Begin PBXBuildFile section */
		6E7AC701193F25F20056EBC2 /* AppDelegate.swift in Sources */ = {isa = PBXBuildFile; fileRef = 6E7AC700193F25F20056EBC2 /* AppDelegate.swift */; };
		6E7AC703193F25F20056EBC2 /* ViewController.swift in Sources */ = {isa = PBXBuildFile; fileRef = 6E7AC702193F25F20056EBC2 /* ViewController.swift */; };
		6E7AC706193F25F20056EBC2 /* Main.storyboard in Resources */ = {isa = PBXBuildFile; fileRef = 6E7AC704193F25F20056EBC2 /* Main.storyboard */; };
		6E7AC708193F25F20056EBC2 /* Images.xcassets in Resources */ = {isa = PBXBuildFile; fileRef = 6E7AC707193F25F20056EBC2 /* Images.xcassets */; };
		6E7AC714193F25F20056EBC2 /* SwiftlyTests.swift in Sources */ = {isa = PBXBuildFile; fileRef = 6E7AC713193F25F20056EBC2 /* SwiftlyTests.swift */; };
/* End PBXBuildFile section */

/* Begin PBXContainerItemProxy section */
		6E7AC70E193F25F20056EBC2 /* PBXContainerItemProxy */ = {
			isa = PBXContainerItemProxy;
			containerPortal = 6E7AC6F3193F25F20056EBC2 /* Project object */;
			proxyType = 1;
			remoteGlobalIDString = 6E7AC6FA193F25F20056EBC2;
			remoteInfo = Swiftly;
		};
/* End PBXContainerItemProxy section */

/* Begin PBXFileReference section */
		6E7AC6FB193F25F20056EBC2 /* Swiftly.app */ = {isa = PBXFileReference; explicitFileType = wrapper.application; includeInIndex = 0; path = Swiftly.app; sourceTree = BUILT_PRODUCTS_DIR; };
		6E7AC6FF193F25F20056EBC2 /* Info.plist */ = {isa = PBXFileReference; lastKnownFileType = text.plist.xml; path = Info.plist; sourceTree = "<group>"; };
		6E7AC700193F25F20056EBC2 /* AppDelegate.swift */ = {isa = PBXFileReference; lastKnownFileType = sourcecode.swift; path = AppDelegate.swift; sourceTree = "<group>"; };
		6E7AC702193F25F20056EBC2 /* ViewController.swift */ = {isa = PBXFileReference; lastKnownFileType = sourcecode.swift; path = ViewController.swift; sourceTree = "<group>"; };
		6E7AC705193F25F20056EBC2 /* Base */ = {isa = PBXFileReference; lastKnownFileType = file.storyboard; name = Base; path = Base.lproj/Main.storyboard; sourceTree = "<group>"; };
		6E7AC707193F25F20056EBC2 /* Images.xcassets */ = {isa = PBXFileReference; lastKnownFileType = folder.assetcatalog; path = Images.xcassets; sourceTree = "<group>"; };
		6E7AC70D193F25F20056EBC2 /* SwiftlyTests.xctest */ = {isa = PBXFileReference; explicitFileType = wrapper.cfbundle; includeInIndex = 0; path = SwiftlyTests.xctest; sourceTree = BUILT_PRODUCTS_DIR; };
		6E7AC712193F25F20056EBC2 /* Info.plist */ = {isa = PBXFileReference; lastKnownFileType = text.plist.xml; path = Info.plist; sourceTree = "<group>"; };
		6E7AC713193F25F20056EBC2 /* SwiftlyTests.swift */ = {isa = PBXFileReference; lastKnownFileType = sourcecode.swift; path = SwiftlyTests.swift; sourceTree = "<group>"; };
/* End PBXFileReference section */

/* Begin PBXFrameworksBuildPhase section */
		6E7AC6F8193F25F20056EBC2 /* Frameworks */ = {
			isa = PBXFrameworksBuildPhase;
			buildActionMask = 2147483647;
			files = (
			);
			runOnlyForDeploymentPostprocessing = 0;
		};
		6E7AC70A193F25F20056EBC2 /* Frameworks */ = {
			isa = PBXFrameworksBuildPhase;
			buildActionMask = 2147483647;
			files = (
			);
			runOnlyForDeploymentPostprocessing = 0;
		};
/* End PBXFrameworksBuildPhase section */

/* Begin PBXGroup section */
		6E7AC6F2193F25F20056EBC2 = {
			isa = PBXGroup;
			children = (
				6E7AC6FD193F25F20056EBC2 /* Swiftly */,
				6E7AC710193F25F20056EBC2 /* SwiftlyTests */,
				6E7AC6FC193F25F20056EBC2 /* Products */,
			);
			sourceTree = "<group>";
		};
		6E7AC6FC193F25F20056EBC2 /* Products */ = {
			isa = PBXGroup;
			children = (
				6E7AC6FB193F25F20056EBC2 /* Swiftly.app */,
				6E7AC70D193F25F20056EBC2 /* SwiftlyTests.xctest */,
			);
			name = Products;
			sourceTree = "<group>";
		};
		6E7AC6FD193F25F20056EBC2 /* Swiftly */ = {
			isa = PBXGroup;
			children = (
				6E7AC700193F25F20056EBC2 /* AppDelegate.swift */,
				6E7AC702193F25F20056EBC2 /* ViewController.swift */,
				6E7AC704193F25F20056EBC2 /* Main.storyboard */,
				6E7AC707193F25F20056EBC2 /* Images.xcassets */,
				6E7AC6FE193F25F20056EBC2 /* Supporting Files */,
			);
			path = Swiftly;
			sourceTree = "<group>";
		};
		6E7AC6FE193F25F20056EBC2 /* Supporting Files */ = {
			isa = PBXGroup;
			children = (
				6E7AC6FF193F25F20056EBC2 /* Info.plist */,
			);
			name = "Supporting Files";
			sourceTree = "<group>";
		};
		6E7AC710193F25F20056EBC2 /* SwiftlyTests */ = {
			isa = PBXGroup;
			children = (
				6E7AC713193F25F20056EBC2 /* SwiftlyTests.swift */,
				6E7AC711193F25F20056EBC2 /* Supporting Files */,
			);
			path = SwiftlyTests;
			sourceTree = "<group>";
		};
		6E7AC711193F25F20056EBC2 /* Supporting Files */ = {
			isa = PBXGroup;
			children = (
				6E7AC712193F25F20056EBC2 /* Info.plist */,
			);
			name = "Supporting Files";
			sourceTree = "<group>";
		};
/* End PBXGroup section */

/* Begin PBXNativeTarget section */
		6E7AC6FA193F25F20056EBC2 /* Swiftly */ = {
			isa = PBXNativeTarget;
			buildConfigurationList = 6E7AC717193F25F20056EBC2 /* Build configuration list for PBXNativeTarget "Swiftly" */;
			buildPhases = (
				6E7AC6F7193F25F20056EBC2 /* Sources */,
				6E7AC6F8193F25F20056EBC2 /* Frameworks */,
				6E7AC6F9193F25F20056EBC2 /* Resources */,
			);
			buildRules = (
			);
			dependencies = (
			);
			name = Swiftly;
			productName = Swiftly;
			productReference = 6E7AC6FB193F25F20056EBC2 /* Swiftly.app */;
			productType = "com.apple.product-type.application";
		};
		6E7AC70C193F25F20056EBC2 /* SwiftlyTests */ = {
			isa = PBXNativeTarget;
			buildConfigurationList = 6E7AC71A193F25F20056EBC2 /* Build configuration list for PBXNativeTarget "SwiftlyTests" */;
			buildPhases = (
				6E7AC709193F25F20056EBC2 /* Sources */,
				6E7AC70A193F25F20056EBC2 /* Frameworks */,
				6E7AC70B193F25F20056EBC2 /* Resources */,
			);
			buildRules = (
			);
			dependencies = (
				6E7AC70F193F25F20056EBC2 /* PBXTargetDependency */,
			);
			name = SwiftlyTests;
			productName = SwiftlyTests;
			productReference = 6E7AC70D193F25F20056EBC2 /* SwiftlyTests.xctest */;
			productType = "com.apple.product-type.bundle.unit-test";
		};
/* End PBXNativeTarget section */

/* Begin PBXProject section */
		6E7AC6F3193F25F20056EBC2 /* Project object */ = {
			isa = PBXProject;
			attributes = {
				LastUpgradeCheck = 0600;
				ORGANIZATIONNAME = "Hua Yan Co. Ltd.";
				TargetAttributes = {
					6E7AC6FA193F25F20056EBC2 = {
						CreatedOnToolsVersion = 6.0;
						DevelopmentTeam = PZ8TC6BH9T;
					};
					6E7AC70C193F25F20056EBC2 = {
						CreatedOnToolsVersion = 6.0;
						TestTargetID = 6E7AC6FA193F25F20056EBC2;
					};
				};
			};
			buildConfigurationList = 6E7AC6F6193F25F20056EBC2 /* Build configuration list for PBXProject "Swiftly" */;
			compatibilityVersion = "Xcode 3.2";
			developmentRegion = English;
			hasScannedForEncodings = 0;
			knownRegions = (
				en,
				Base,
			);
			mainGroup = 6E7AC6F2193F25F20056EBC2;
			productRefGroup = 6E7AC6FC193F25F20056EBC2 /* Products */;
			projectDirPath = "";
			projectRoot = "";
			targets = (
				6E7AC6FA193F25F20056EBC2 /* Swiftly */,
				6E7AC70C193F25F20056EBC2 /* SwiftlyTests */,
			);
		};
/* End PBXProject section */

/* Begin PBXResourcesBuildPhase section */
		6E7AC6F9193F25F20056EBC2 /* Resources */ = {
			isa = PBXResourcesBuildPhase;
			buildActionMask = 2147483647;
			files = (
				6E7AC706193F25F20056EBC2 /* Main.storyboard in Resources */,
				6E7AC708193F25F20056EBC2 /* Images.xcassets in Resources */,
			);
			runOnlyForDeploymentPostprocessing = 0;
		};
		6E7AC70B193F25F20056EBC2 /* Resources */ = {
			isa = PBXResourcesBuildPhase;
			buildActionMask = 2147483647;
			files = (
			);
			runOnlyForDeploymentPostprocessing = 0;
		};
/* End PBXResourcesBuildPhase section */

/* Begin PBXSourcesBuildPhase section */
		6E7AC6F7193F25F20056EBC2 /* Sources */ = {
			isa = PBXSourcesBuildPhase;
			buildActionMask = 2147483647;
			files = (
				6E7AC703193F25F20056EBC2 /* ViewController.swift in Sources */,
				6E7AC701193F25F20056EBC2 /* AppDelegate.swift in Sources */,
			);
			runOnlyForDeploymentPostprocessing = 0;
		};
		6E7AC709193F25F20056EBC2 /* Sources */ = {
			isa = PBXSourcesBuildPhase;
			buildActionMask = 2147483647;
			files = (
				6E7AC714193F25F20056EBC2 /* SwiftlyTests.swift in Sources */,
			);
			runOnlyForDeploymentPostprocessing = 0;
		};
/* End PBXSourcesBuildPhase section */

/* Begin PBXTargetDependency section */
		6E7AC70F193F25F20056EBC2 /* PBXTargetDependency */ = {
			isa = PBXTargetDependency;
			target = 6E7AC6FA193F25F20056EBC2 /* Swiftly */;
			targetProxy = 6E7AC70E193F25F20056EBC2 /* PBXContainerItemProxy */;
		};
/* End PBXTargetDependency section */

/* Begin PBXVariantGroup section */
		6E7AC704193F25F20056EBC2 /* Main.storyboard */ = {
			isa = PBXVariantGroup;
			children = (
				6E7AC705193F25F20056EBC2 /* Base */,
			);
			name = Main.storyboard;
			sourceTree = "<group>";
		};
/* End PBXVariantGroup section */

/* Begin XCBuildConfiguration section */
		6E7AC715193F25F20056EBC2 /* Debug */ = {
			isa = XCBuildConfiguration;
			buildSettings = {
				ALWAYS_SEARCH_USER_PATHS = NO;
				CLANG_CXX_LANGUAGE_STANDARD = "gnu++0x";
				CLANG_CXX_LIBRARY = "libc++";
				CLANG_ENABLE_MODULES = YES;
				CLANG_ENABLE_OBJC_ARC = YES;
				CLANG_WARN_BOOL_CONVERSION = YES;
				CLANG_WARN_CONSTANT_CONVERSION = YES;
				CLANG_WARN_DIRECT_OBJC_ISA_USAGE = YES_ERROR;
				CLANG_WARN_EMPTY_BODY = YES;
				CLANG_WARN_ENUM_CONVERSION = YES;
				CLANG_WARN_INT_CONVERSION = YES;
				CLANG_WARN_OBJC_ROOT_CLASS = YES_ERROR;
				CLANG_WARN_UNREACHABLE_CODE = YES;
				CLANG_WARN__DUPLICATE_METHOD_MATCH = YES;
				"CODE_SIGN_IDENTITY[sdk=iphoneos*]" = "iPhone Developer";
				COPY_PHASE_STRIP = NO;
				ENABLE_STRICT_OBJC_MSGSEND = YES;
				GCC_C_LANGUAGE_STANDARD = gnu99;
				GCC_DYNAMIC_NO_PIC = NO;
				GCC_OPTIMIZATION_LEVEL = 0;
				GCC_PREPROCESSOR_DEFINITIONS = (
					"DEBUG=1",
					"$(inherited)",
				);
				GCC_SYMBOLS_PRIVATE_EXTERN = NO;
				GCC_WARN_64_TO_32_BIT_CONVERSION = YES;
				GCC_WARN_ABOUT_RETURN_TYPE = YES_ERROR;
				GCC_WARN_UNDECLARED_SELECTOR = YES;
				GCC_WARN_UNINITIALIZED_AUTOS = YES_AGGRESSIVE;
				GCC_WARN_UNUSED_FUNCTION = YES;
				GCC_WARN_UNUSED_VARIABLE = YES;
				IPHONEOS_DEPLOYMENT_TARGET = 8.0;
				METAL_ENABLE_DEBUG_INFO = YES;
				ONLY_ACTIVE_ARCH = YES;
				SDKROOT = iphoneos;
				SWIFT_OPTIMIZATION_LEVEL = "-Onone";
			};
			name = Debug;
		};
		6E7AC716193F25F20056EBC2 /* Release */ = {
			isa = XCBuildConfiguration;
			buildSettings = {
				ALWAYS_SEARCH_USER_PATHS = NO;
				CLANG_CXX_LANGUAGE_STANDARD = "gnu++0x";
				CLANG_CXX_LIBRARY = "libc++";
				CLANG_ENABLE_MODULES = YES;
				CLANG_ENABLE_OBJC_ARC = YES;
				CLANG_WARN_BOOL_CONVERSION = YES;
				CLANG_WARN_CONSTANT_CONVERSION = YES;
				CLANG_WARN_DIRECT_OBJC_ISA_USAGE = YES_ERROR;
				CLANG_WARN_EMPTY_BODY = YES;
				CLANG_WARN_ENUM_CONVERSION = YES;
				CLANG_WARN_INT_CONVERSION = YES;
				CLANG_WARN_OBJC_ROOT_CLASS = YES_ERROR;
				CLANG_WARN_UNREACHABLE_CODE = YES;
				CLANG_WARN__DUPLICATE_METHOD_MATCH = YES;
				"CODE_SIGN_IDENTITY[sdk=iphoneos*]" = "iPhone Developer";
				COPY_PHASE_STRIP = YES;
				ENABLE_NS_ASSERTIONS = NO;
				ENABLE_STRICT_OBJC_MSGSEND = YES;
				GCC_C_LANGUAGE_STANDARD = gnu99;
				GCC_WARN_64_TO_32_BIT_CONVERSION = YES;
				GCC_WARN_ABOUT_RETURN_TYPE = YES_ERROR;
				GCC_WARN_UNDECLARED_SELECTOR = YES;
				GCC_WARN_UNINITIALIZED_AUTOS = YES_AGGRESSIVE;
				GCC_WARN_UNUSED_FUNCTION = YES;
				GCC_WARN_UNUSED_VARIABLE = YES;
				IPHONEOS_DEPLOYMENT_TARGET = 8.0;
				METAL_ENABLE_DEBUG_INFO = NO;
				SDKROOT = iphoneos;
				VALIDATE_PRODUCT = YES;
			};
			name = Release;
		};
		6E7AC718193F25F20056EBC2 /* Debug */ = {
			isa = XCBuildConfiguration;
			buildSettings = {
				ASSETCATALOG_COMPILER_APPICON_NAME = AppIcon;
				ASSETCATALOG_COMPILER_LAUNCHIMAGE_NAME = LaunchImage;
				CODE_SIGN_IDENTITY = "iPhone Developer";
				INFOPLIST_FILE = Swiftly/Info.plist;
				LD_RUNPATH_SEARCH_PATHS = "$(inherited) @executable_path/Frameworks";
				PRODUCT_NAME = "$(TARGET_NAME)";
			};
			name = Debug;
		};
		6E7AC719193F25F20056EBC2 /* Release */ = {
			isa = XCBuildConfiguration;
			buildSettings = {
				ASSETCATALOG_COMPILER_APPICON_NAME = AppIcon;
				ASSETCATALOG_COMPILER_LAUNCHIMAGE_NAME = LaunchImage;
				CODE_SIGN_IDENTITY = "iPhone Developer";
				INFOPLIST_FILE = Swiftly/Info.plist;
				LD_RUNPATH_SEARCH_PATHS = "$(inherited) @executable_path/Frameworks";
				PRODUCT_NAME = "$(TARGET_NAME)";
			};
			name = Release;
		};
		6E7AC71B193F25F20056EBC2 /* Debug */ = {
			isa = XCBuildConfiguration;
			buildSettings = {
				BUNDLE_LOADER = "$(BUILT_PRODUCTS_DIR)/Swiftly.app/Swiftly";
				FRAMEWORK_SEARCH_PATHS = (
					"$(SDKROOT)/Developer/Library/Frameworks",
					"$(inherited)",
				);
				GCC_PREPROCESSOR_DEFINITIONS = (
					"DEBUG=1",
					"$(inherited)",
				);
				INFOPLIST_FILE = SwiftlyTests/Info.plist;
				LD_RUNPATH_SEARCH_PATHS = "$(inherited) @executable_path/Frameworks @loader_path/Frameworks";
				METAL_ENABLE_DEBUG_INFO = YES;
				PRODUCT_NAME = "$(TARGET_NAME)";
				TEST_HOST = "$(BUNDLE_LOADER)";
			};
			name = Debug;
		};
		6E7AC71C193F25F20056EBC2 /* Release */ = {
			isa = XCBuildConfiguration;
			buildSettings = {
				BUNDLE_LOADER = "$(BUILT_PRODUCTS_DIR)/Swiftly.app/Swiftly";
				FRAMEWORK_SEARCH_PATHS = (
					"$(SDKROOT)/Developer/Library/Frameworks",
					"$(inherited)",
				);
				INFOPLIST_FILE = SwiftlyTests/Info.plist;
				LD_RUNPATH_SEARCH_PATHS = "$(inherited) @executable_path/Frameworks @loader_path/Frameworks";
				METAL_ENABLE_DEBUG_INFO = NO;
				PRODUCT_NAME = "$(TARGET_NAME)";
				TEST_HOST = "$(BUNDLE_LOADER)";
			};
			name = Release;
		};
/* End XCBuildConfiguration section */

/* Begin XCConfigurationList section */
		6E7AC6F6193F25F20056EBC2 /* Build configuration list for PBXProject "Swiftly" */ = {
			isa = XCConfigurationList;
			buildConfigurations = (
				6E7AC715193F25F20056EBC2 /* Debug */,
				6E7AC716193F25F20056EBC2 /* Release */,
			);
			defaultConfigurationIsVisible = 0;
			defaultConfigurationName = Release;
		};
		6E7AC717193F25F20056EBC2 /* Build configuration list for PBXNativeTarget "Swiftly" */ = {
			isa = XCConfigurationList;
			buildConfigurations = (
				6E7AC718193F25F20056EBC2 /* Debug */,
				6E7AC719193F25F20056EBC2 /* Release */,
			);
			defaultConfigurationIsVisible = 0;
		};
		6E7AC71A193F25F20056EBC2 /* Build configuration list for PBXNativeTarget "SwiftlyTests" */ = {
			isa = XCConfigurationList;
			buildConfigurations = (
				6E7AC71B193F25F20056EBC2 /* Debug */,
				6E7AC71C193F25F20056EBC2 /* Release */,
			);
			defaultConfigurationIsVisible = 0;
		};
/* End XCConfigurationList section */
	};
	rootObject = 6E7AC6F3193F25F20056EBC2 /* Project object */;
}
